// !$*UTF8*$!
{
	archiveVersion = 1;
	classes = {
	};
	objectVersion = 46;
	objects = {

/* Begin PBXBuildFile section */
		D4EEA7121D1A24F1004E5AE4 /* AppDelegate.swift in Sources */ = {isa = PBXBuildFile; fileRef = D4EEA7111D1A24F1004E5AE4 /* AppDelegate.swift */; };
		D4EEA7141D1A24F1004E5AE4 /* ViewController.swift in Sources */ = {isa = PBXBuildFile; fileRef = D4EEA7131D1A24F1004E5AE4 /* ViewController.swift */; };
		D4EEA7171D1A24F1004E5AE4 /* Main.storyboard in Resources */ = {isa = PBXBuildFile; fileRef = D4EEA7151D1A24F1004E5AE4 /* Main.storyboard */; };
		D4EEA7191D1A24F1004E5AE4 /* Assets.xcassets in Resources */ = {isa = PBXBuildFile; fileRef = D4EEA7181D1A24F1004E5AE4 /* Assets.xcassets */; };
		D4EEA71C1D1A24F1004E5AE4 /* LaunchScreen.storyboard in Resources */ = {isa = PBXBuildFile; fileRef = D4EEA71A1D1A24F1004E5AE4 /* LaunchScreen.storyboard */; };
		D4EEA72A1D1A42AF004E5AE4 /* FlowTagLayout.swift in Sources */ = {isa = PBXBuildFile; fileRef = D4EEA7291D1A42AF004E5AE4 /* FlowTagLayout.swift */; };
		D4EEA72C1D1A5F6E004E5AE4 /* FlowTagView.swift in Sources */ = {isa = PBXBuildFile; fileRef = D4EEA72B1D1A5F6E004E5AE4 /* FlowTagView.swift */; };
/* End PBXBuildFile section */

/* Begin PBXFileReference section */
		D4EEA70E1D1A24F1004E5AE4 /* FlowTag.app */ = {isa = PBXFileReference; explicitFileType = wrapper.application; includeInIndex = 0; path = FlowTag.app; sourceTree = BUILT_PRODUCTS_DIR; };
		D4EEA7111D1A24F1004E5AE4 /* AppDelegate.swift */ = {isa = PBXFileReference; lastKnownFileType = sourcecode.swift; path = AppDelegate.swift; sourceTree = "<group>"; };
		D4EEA7131D1A24F1004E5AE4 /* ViewController.swift */ = {isa = PBXFileReference; lastKnownFileType = sourcecode.swift; path = ViewController.swift; sourceTree = "<group>"; };
		D4EEA7161D1A24F1004E5AE4 /* Base */ = {isa = PBXFileReference; lastKnownFileType = file.storyboard; name = Base; path = Base.lproj/Main.storyboard; sourceTree = "<group>"; };
		D4EEA7181D1A24F1004E5AE4 /* Assets.xcassets */ = {isa = PBXFileReference; lastKnownFileType = folder.assetcatalog; path = Assets.xcassets; sourceTree = "<group>"; };
		D4EEA71B1D1A24F1004E5AE4 /* Base */ = {isa = PBXFileReference; lastKnownFileType = file.storyboard; name = Base; path = Base.lproj/LaunchScreen.storyboard; sourceTree = "<group>"; };
		D4EEA71D1D1A24F1004E5AE4 /* Info.plist */ = {isa = PBXFileReference; lastKnownFileType = text.plist.xml; path = Info.plist; sourceTree = "<group>"; };
		D4EEA7291D1A42AF004E5AE4 /* FlowTagLayout.swift */ = {isa = PBXFileReference; fileEncoding = 4; lastKnownFileType = sourcecode.swift; path = FlowTagLayout.swift; sourceTree = "<group>"; };
		D4EEA72B1D1A5F6E004E5AE4 /* FlowTagView.swift */ = {isa = PBXFileReference; fileEncoding = 4; lastKnownFileType = sourcecode.swift; path = FlowTagView.swift; sourceTree = "<group>"; };
/* End PBXFileReference section */

/* Begin PBXFrameworksBuildPhase section */
		D4EEA70B1D1A24F1004E5AE4 /* Frameworks */ = {
			isa = PBXFrameworksBuildPhase;
			buildActionMask = 2147483647;
			files = (
			);
			runOnlyForDeploymentPostprocessing = 0;
		};
/* End PBXFrameworksBuildPhase section */

/* Begin PBXGroup section */
		D4EEA7051D1A24F1004E5AE4 = {
			isa = PBXGroup;
			children = (
				D4EEA7101D1A24F1004E5AE4 /* FlowTag */,
				D4EEA70F1D1A24F1004E5AE4 /* Products */,
			);
			sourceTree = "<group>";
		};
		D4EEA70F1D1A24F1004E5AE4 /* Products */ = {
			isa = PBXGroup;
			children = (
				D4EEA70E1D1A24F1004E5AE4 /* FlowTag.app */,
			);
			name = Products;
			sourceTree = "<group>";
		};
		D4EEA7101D1A24F1004E5AE4 /* FlowTag */ = {
			isa = PBXGroup;
			children = (
				D4EEA7111D1A24F1004E5AE4 /* AppDelegate.swift */,
				D4EEA7131D1A24F1004E5AE4 /* ViewController.swift */,
				D4EEA7151D1A24F1004E5AE4 /* Main.storyboard */,
				D4EEA7181D1A24F1004E5AE4 /* Assets.xcassets */,
				D4EEA71A1D1A24F1004E5AE4 /* LaunchScreen.storyboard */,
				D4EEA71D1D1A24F1004E5AE4 /* Info.plist */,
				D4EEA7291D1A42AF004E5AE4 /* FlowTagLayout.swift */,
				D4EEA72B1D1A5F6E004E5AE4 /* FlowTagView.swift */,
			);
			path = FlowTag;
			sourceTree = "<group>";
		};
/* End PBXGroup section */

/* Begin PBXNativeTarget section */
		D4EEA70D1D1A24F1004E5AE4 /* FlowTag */ = {
			isa = PBXNativeTarget;
			buildConfigurationList = D4EEA7201D1A24F1004E5AE4 /* Build configuration list for PBXNativeTarget "FlowTag" */;
			buildPhases = (
				D4EEA70A1D1A24F1004E5AE4 /* Sources */,
				D4EEA70B1D1A24F1004E5AE4 /* Frameworks */,
				D4EEA70C1D1A24F1004E5AE4 /* Resources */,
			);
			buildRules = (
			);
			dependencies = (
			);
			name = FlowTag;
			productName = FlowTag;
			productReference = D4EEA70E1D1A24F1004E5AE4 /* FlowTag.app */;
			productType = "com.apple.product-type.application";
		};
/* End PBXNativeTarget section */

/* Begin PBXProject section */
		D4EEA7061D1A24F1004E5AE4 /* Project object */ = {
			isa = PBXProject;
			attributes = {
				LastSwiftUpdateCheck = 0730;
				LastUpgradeCheck = 0730;
				ORGANIZATIONNAME = tanson;
				TargetAttributes = {
					D4EEA70D1D1A24F1004E5AE4 = {
						CreatedOnToolsVersion = 7.3;
						DevelopmentTeam = 22EJHDNHE4;
					};
				};
			};
			buildConfigurationList = D4EEA7091D1A24F1004E5AE4 /* Build configuration list for PBXProject "FlowTag" */;
			compatibilityVersion = "Xcode 3.2";
			developmentRegion = English;
			hasScannedForEncodings = 0;
			knownRegions = (
				en,
				Base,
			);
			mainGroup = D4EEA7051D1A24F1004E5AE4;
			productRefGroup = D4EEA70F1D1A24F1004E5AE4 /* Products */;
			projectDirPath = "";
			projectRoot = "";
			targets = (
				D4EEA70D1D1A24F1004E5AE4 /* FlowTag */,
			);
		};
/* End PBXProject section */

/* Begin PBXResourcesBuildPhase section */
		D4EEA70C1D1A24F1004E5AE4 /* Resources */ = {
			isa = PBXResourcesBuildPhase;
			buildActionMask = 2147483647;
			files = (
				D4EEA71C1D1A24F1004E5AE4 /* LaunchScreen.storyboard in Resources */,
				D4EEA7191D1A24F1004E5AE4 /* Assets.xcassets in Resources */,
				D4EEA7171D1A24F1004E5AE4 /* Main.storyboard in Resources */,
			);
			runOnlyForDeploymentPostprocessing = 0;
		};
/* End PBXResourcesBuildPhase section */

/* Begin PBXSourcesBuildPhase section */
		D4EEA70A1D1A24F1004E5AE4 /* Sources */ = {
			isa = PBXSourcesBuildPhase;
			buildActionMask = 2147483647;
			files = (
				D4EEA7141D1A24F1004E5AE4 /* ViewController.swift in Sources */,
				D4EEA72A1D1A42AF004E5AE4 /* FlowTagLayout.swift in Sources */,
				D4EEA7121D1A24F1004E5AE4 /* AppDelegate.swift in Sources */,
				D4EEA72C1D1A5F6E004E5AE4 /* FlowTagView.swift in Sources */,
			);
			runOnlyForDeploymentPostprocessing = 0;
		};
/* End PBXSourcesBuildPhase section */

/* Begin PBXVariantGroup section */
		D4EEA7151D1A24F1004E5AE4 /* Main.storyboard */ = {
			isa = PBXVariantGroup;
			children = (
				D4EEA7161D1A24F1004E5AE4 /* Base */,
			);
			name = Main.storyboard;
			sourceTree = "<group>";
		};
		D4EEA71A1D1A24F1004E5AE4 /* LaunchScreen.storyboard */ = {
			isa = PBXVariantGroup;
			children = (
				D4EEA71B1D1A24F1004E5AE4 /* Base */,
			);
			name = LaunchScreen.storyboard;
			sourceTree = "<group>";
		};
/* End PBXVariantGroup section */

/* Begin XCBuildConfiguration section */
		D4EEA71E1D1A24F1004E5AE4 /* Debug */ = {
			isa = XCBuildConfiguration;
			buildSettings = {
				ALWAYS_SEARCH_USER_PATHS = NO;
				CLANG_ANALYZER_NONNULL = YES;
				CLANG_CXX_LANGUAGE_STANDARD = "gnu++0x";
				CLANG_CXX_LIBRARY = "libc++";
				CLANG_ENABLE_MODULES = YES;
				CLANG_ENABLE_OBJC_ARC = YES;
				CLANG_WARN_BOOL_CONVERSION = YES;
				CLANG_WARN_CONSTANT_CONVERSION = YES;
				CLANG_WARN_DIRECT_OBJC_ISA_USAGE = YES_ERROR;
				CLANG_WARN_EMPTY_BODY = YES;
				CLANG_WARN_ENUM_CONVERSION = YES;
				CLANG_WARN_INT_CONVERSION = YES;
				CLANG_WARN_OBJC_ROOT_CLASS = YES_ERROR;
				CLANG_WARN_UNREACHABLE_CODE = YES;
				CLANG_WARN__DUPLICATE_METHOD_MATCH = YES;
				"CODE_SIGN_IDENTITY[sdk=iphoneos*]" = "iPhone Developer";
				COPY_PHASE_STRIP = NO;
				DEBUG_INFORMATION_FORMAT = dwarf;
				ENABLE_STRICT_OBJC_MSGSEND = YES;
				ENABLE_TESTABILITY = YES;
				GCC_C_LANGUAGE_STANDARD = gnu99;
				GCC_DYNAMIC_NO_PIC = NO;
				GCC_NO_COMMON_BLOCKS = YES;
				GCC_OPTIMIZATION_LEVEL = 0;
				GCC_PREPROCESSOR_DEFINITIONS = (
					"DEBUG=1",
					"$(inherited)",
				);
				GCC_WARN_64_TO_32_BIT_CONVERSION = YES;
				GCC_WARN_ABOUT_RETURN_TYPE = YES_ERROR;
				GCC_WARN_UNDECLARED_SELECTOR = YES;
				GCC_WARN_UNINITIALIZED_AUTOS = YES_AGGRESSIVE;
				GCC_WARN_UNUSED_FUNCTION = YES;
				GCC_WARN_UNUSED_VARIABLE = YES;
				IPHONEOS_DEPLOYMENT_TARGET = 9.3;
				MTL_ENABLE_DEBUG_INFO = YES;
				ONLY_ACTIVE_ARCH = YES;
				SDKROOT = iphoneos;
				SWIFT_OPTIMIZATION_LEVEL = "-Onone";
			};
			name = Debug;
		};
		D4EEA71F1D1A24F1004E5AE4 /* Release */ = {
			isa = XCBuildConfiguration;
			buildSettings = {
				ALWAYS_SEARCH_USER_PATHS = NO;
				CLANG_ANALYZER_NONNULL = YES;
				CLANG_CXX_LANGUAGE_STANDARD = "gnu++0x";
				CLANG_CXX_LIBRARY = "libc++";
				CLANG_ENABLE_MODULES = YES;
				CLANG_ENABLE_OBJC_ARC = YES;
				CLANG_WARN_BOOL_CONVERSION = YES;
				CLANG_WARN_CONSTANT_CONVERSION = YES;
				CLANG_WARN_DIRECT_OBJC_ISA_USAGE = YES_ERROR;
				CLANG_WARN_EMPTY_BODY = YES;
				CLANG_WARN_ENUM_CONVERSION = YES;
				CLANG_WARN_INT_CONVERSION = YES;
				CLANG_WARN_OBJC_ROOT_CLASS = YES_ERROR;
				CLANG_WARN_UNREACHABLE_CODE = YES;
				CLANG_WARN__DUPLICATE_METHOD_MATCH = YES;
				"CODE_SIGN_IDENTITY[sdk=iphoneos*]" = "iPhone Developer";
				COPY_PHASE_STRIP = NO;
				DEBUG_INFORMATION_FORMAT = "dwarf-with-dsym";
				ENABLE_NS_ASSERTIONS = NO;
				ENABLE_STRICT_OBJC_MSGSEND = YES;
				GCC_C_LANGUAGE_STANDARD = gnu99;
				GCC_NO_COMMON_BLOCKS = YES;
				GCC_WARN_64_TO_32_BIT_CONVERSION = YES;
				GCC_WARN_ABOUT_RETURN_TYPE = YES_ERROR;
				GCC_WARN_UNDECLARED_SELECTOR = YES;
				GCC_WARN_UNINITIALIZED_AUTOS = YES_AGGRESSIVE;
				GCC_WARN_UNUSED_FUNCTION = YES;
				GCC_WARN_UNUSED_VARIABLE = YES;
				IPHONEOS_DEPLOYMENT_TARGET = 9.3;
				MTL_ENABLE_DEBUG_INFO = NO;
				SDKROOT = iphoneos;
				VALIDATE_PRODUCT = YES;
			};
			name = Release;
		};
		D4EEA7211D1A24F1004E5AE4 /* Debug */ = {
			isa = XCBuildConfiguration;
			buildSettings = {
				ASSETCATALOG_COMPILER_APPICON_NAME = AppIcon;
				INFOPLIST_FILE = FlowTag/Info.plist;
				IPHONEOS_DEPLOYMENT_TARGET = 8.0;
				LD_RUNPATH_SEARCH_PATHS = "$(inherited) @executable_path/Frameworks";
				PRODUCT_BUNDLE_IDENTIFIER = com.tanson.TTKit.FlowTag;
				PRODUCT_NAME = "$(TARGET_NAME)";
			};
			name = Debug;
		};
		D4EEA7221D1A24F1004E5AE4 /* Release */ = {
			isa = XCBuildConfiguration;
			buildSettings = {
				ASSETCATALOG_COMPILER_APPICON_NAME = AppIcon;
				INFOPLIST_FILE = FlowTag/Info.plist;
				IPHONEOS_DEPLOYMENT_TARGET = 8.0;
				LD_RUNPATH_SEARCH_PATHS = "$(inherited) @executable_path/Frameworks";
				PRODUCT_BUNDLE_IDENTIFIER = com.tanson.TTKit.FlowTag;
				PRODUCT_NAME = "$(TARGET_NAME)";
			};
			name = Release;
		};
/* End XCBuildConfiguration section */

/* Begin XCConfigurationList section */
		D4EEA7091D1A24F1004E5AE4 /* Build configuration list for PBXProject "FlowTag" */ = {
			isa = XCConfigurationList;
			buildConfigurations = (
				D4EEA71E1D1A24F1004E5AE4 /* Debug */,
				D4EEA71F1D1A24F1004E5AE4 /* Release */,
			);
			defaultConfigurationIsVisible = 0;
			defaultConfigurationName = Release;
		};
		D4EEA7201D1A24F1004E5AE4 /* Build configuration list for PBXNativeTarget "FlowTag" */ = {
			isa = XCConfigurationList;
			buildConfigurations = (
				D4EEA7211D1A24F1004E5AE4 /* Debug */,
				D4EEA7221D1A24F1004E5AE4 /* Release */,
			);
			defaultConfigurationIsVisible = 0;
		};
/* End XCConfigurationList section */
	};
	rootObject = D4EEA7061D1A24F1004E5AE4 /* Project object */;
}
